
Microsoft Visual Studio Solution File, Format Version 12.00
# Visual Studio Version 17
VisualStudioVersion = 17.7.34302.85
MinimumVisualStudioVersion = 10.0.40219.1
Project("{9A19103F-16F7-4668-BE54-9A1E7A4F7556}") = "MSX.Transition.API", "MSX.Transition.API\MSX.Transition.API.csproj", "{6F4103D3-2541-4AEE-AF53-B9A0D69EBA3F}"
EndProject
Project("{9A19103F-16F7-4668-BE54-9A1E7A4F7556}") = "MSX.Transition.Providers", "MSX.Transition.Providers\MSX.Transition.Providers.csproj", "{C479098C-CF3B-428D-A5AE-AFB13DD03E55}"
EndProject
Project("{9A19103F-16F7-4668-BE54-9A1E7A4F7556}") = "MSX.Transition.Business.Services", "MSX.Transition.Business.Services\MSX.Transition.Business.Services.csproj", "{B8A36A0F-0F39-44D6-8278-4F5071161E2F}"
EndProject
Project("{9A19103F-16F7-4668-BE54-9A1E7A4F7556}") = "MSX.Transition.Business.Services.Contracts", "MSX.Transition.Business.Services.Contracts\MSX.Transition.Business.Services.Contracts.csproj", "{08C4E8D1-602A-40AB-81CC-A8B1038BE61A}"
EndProject
Project("{9A19103F-16F7-4668-BE54-9A1E7A4F7556}") = "MSX.Transition.Providers.Contracts", "MSX.Transition.Providers.Contracts\MSX.Transition.Providers.Contracts.csproj", "{BC761864-DB44-4A71-9C6F-34B82B779BE8}"
EndProject
Project("{2150E333-8FDC-42A3-9474-1A3956D46DE8}") = "UnitTests", "UnitTests", "{BA17ECDB-FEFB-4366-90B0-958FADEFC02F}"
EndProject
Project("{9A19103F-16F7-4668-BE54-9A1E7A4F7556}") = "MSX.Transition.UnitTests", "MSX.Transition.UnitTests\MSX.Transition.UnitTests.csproj", "{D4B4D516-2D9C-4853-BE41-C36056731747}"
EndProject
Global
	GlobalSection(SolutionConfigurationPlatforms) = preSolution
		Debug|Any CPU = Debug|Any CPU
		Release|Any CPU = Release|Any CPU
	EndGlobalSection
	GlobalSection(ProjectConfigurationPlatforms) = postSolution
		{6F4103D3-2541-4AEE-AF53-B9A0D69EBA3F}.Debug|Any CPU.ActiveCfg = Debug|Any CPU
		{6F4103D3-2541-4AEE-AF53-B9A0D69EBA3F}.Debug|Any CPU.Build.0 = Debug|Any CPU
		{6F4103D3-2541-4AEE-AF53-B9A0D69EBA3F}.Release|Any CPU.ActiveCfg = Release|Any CPU
		{6F4103D3-2541-4AEE-AF53-B9A0D69EBA3F}.Release|Any CPU.Build.0 = Release|Any CPU
		{C479098C-CF3B-428D-A5AE-AFB13DD03E55}.Debug|Any CPU.ActiveCfg = Debug|Any CPU
		{C479098C-CF3B-428D-A5AE-AFB13DD03E55}.Debug|Any CPU.Build.0 = Debug|Any CPU
		{C479098C-CF3B-428D-A5AE-AFB13DD03E55}.Release|Any CPU.ActiveCfg = Release|Any CPU
		{C479098C-CF3B-428D-A5AE-AFB13DD03E55}.Release|Any CPU.Build.0 = Release|Any CPU
		{B8A36A0F-0F39-44D6-8278-4F5071161E2F}.Debug|Any CPU.ActiveCfg = Debug|Any CPU
		{B8A36A0F-0F39-44D6-8278-4F5071161E2F}.Debug|Any CPU.Build.0 = Debug|Any CPU
		{B8A36A0F-0F39-44D6-8278-4F5071161E2F}.Release|Any CPU.ActiveCfg = Release|Any CPU
		{B8A36A0F-0F39-44D6-8278-4F5071161E2F}.Release|Any CPU.Build.0 = Release|Any CPU
		{08C4E8D1-602A-40AB-81CC-A8B1038BE61A}.Debug|Any CPU.ActiveCfg = Debug|Any CPU
		{08C4E8D1-602A-40AB-81CC-A8B1038BE61A}.Debug|Any CPU.Build.0 = Debug|Any CPU
		{08C4E8D1-602A-40AB-81CC-A8B1038BE61A}.Release|Any CPU.ActiveCfg = Release|Any CPU
		{08C4E8D1-602A-40AB-81CC-A8B1038BE61A}.Release|Any CPU.Build.0 = Release|Any CPU
		{BC761864-DB44-4A71-9C6F-34B82B779BE8}.Debug|Any CPU.ActiveCfg = Debug|Any CPU
		{BC761864-DB44-4A71-9C6F-34B82B779BE8}.Debug|Any CPU.Build.0 = Debug|Any CPU
		{BC761864-DB44-4A71-9C6F-34B82B779BE8}.Release|Any CPU.ActiveCfg = Release|Any CPU
		{BC761864-DB44-4A71-9C6F-34B82B779BE8}.Release|Any CPU.Build.0 = Release|Any CPU
		{D4B4D516-2D9C-4853-BE41-C36056731747}.Debug|Any CPU.ActiveCfg = Debug|Any CPU
		{D4B4D516-2D9C-4853-BE41-C36056731747}.Debug|Any CPU.Build.0 = Debug|Any CPU
		{D4B4D516-2D9C-4853-BE41-C36056731747}.Release|Any CPU.ActiveCfg = Release|Any CPU
		{D4B4D516-2D9C-4853-BE41-C36056731747}.Release|Any CPU.Build.0 = Release|Any CPU
	EndGlobalSection
	GlobalSection(SolutionProperties) = preSolution
		HideSolutionNode = FALSE
	EndGlobalSection
	GlobalSection(NestedProjects) = preSolution
		{D4B4D516-2D9C-4853-BE41-C36056731747} = {BA17ECDB-FEFB-4366-90B0-958FADEFC02F}
	EndGlobalSection
	GlobalSection(ExtensibilityGlobals) = postSolution
		SolutionGuid = {809F6542-BB09-45D3-85CD-128949A50CFE}
	EndGlobalSection
EndGlobal
